
Microsoft Visual Studio Solution File, Format Version 12.00
# Visual Studio Version 17
VisualStudioVersion = 17.0.32126.317
MinimumVisualStudioVersion = 10.0.40219.1
Project("{2150E333-8FDC-42A3-9474-1A3956D46DE8}") = "ApiGateways", "ApiGateways", "{DF89E80A-64CD-48FF-A184-8800AE3CFFED}"
EndProject
Project("{2150E333-8FDC-42A3-9474-1A3956D46DE8}") = "Services", "Services", "{8EF906F1-546C-479F-A932-08EA7B99AC26}"
EndProject
Project("{2150E333-8FDC-42A3-9474-1A3956D46DE8}") = "Common", "Common", "{27C691C5-C2F3-4777-AA13-A0B036E664DC}"
EndProject
Project("{9A19103F-16F7-4668-BE54-9A1E7A4F7556}") = "Playground.Web.Base", "Common\Playground.Web.Base\Playground.Web.Base.csproj", "{D5B0531C-99D6-4E7D-8C51-F409551D152A}"
EndProject
Project("{9A19103F-16F7-4668-BE54-9A1E7A4F7556}") = "Playground.Common", "Common\Playground.Common\Playground.Common.csproj", "{32AFCE9B-E317-48B0-A260-AF8939689CF5}"
EndProject
Project("{2150E333-8FDC-42A3-9474-1A3956D46DE8}") = "Database", "Database", "{69CFF7DA-DCFD-4FDD-AA47-65F8A588EE3D}"
EndProject
Project("{2150E333-8FDC-42A3-9474-1A3956D46DE8}") = "ScaffoldCommands", "ScaffoldCommands", "{A3047ED6-4C74-4141-91A2-8CE12DAF1C55}"
	ProjectSection(SolutionItems) = preProject
		Database\ScafffoldCommands\ScaffoldCommands.txt = Database\ScafffoldCommands\ScaffoldCommands.txt
	EndProjectSection
EndProject
Project("{2150E333-8FDC-42A3-9474-1A3956D46DE8}") = "Scripts", "Scripts", "{5995989A-492B-41F6-B054-2603E47C2FCB}"
EndProject
Project("{2150E333-8FDC-42A3-9474-1A3956D46DE8}") = "Locations", "Locations", "{139C0783-3BD8-44EE-BB06-C84E4EF196CE}"
EndProject
Project("{2150E333-8FDC-42A3-9474-1A3956D46DE8}") = "People", "People", "{9F35EE7B-417C-45CE-B88D-9BAE6F054A28}"
EndProject
Project("{9A19103F-16F7-4668-BE54-9A1E7A4F7556}") = "People.API", "Services\People\People.API\People.API.csproj", "{D2EA6593-1FB6-4D98-BBC0-7757156BC5AD}"
EndProject
Project("{9A19103F-16F7-4668-BE54-9A1E7A4F7556}") = "People.Core", "Services\People\People.Core\People.Core.csproj", "{AE999648-4FF7-4FB8-A1E7-B201779C92A7}"
EndProject
Project("{9A19103F-16F7-4668-BE54-9A1E7A4F7556}") = "People.Infrastructure", "Services\People\People.Infrastructure\People.Infrastructure.csproj", "{479A3F1C-2906-4B88-AE9F-60A120E8F940}"
EndProject
Project("{9A19103F-16F7-4668-BE54-9A1E7A4F7556}") = "Playground.Core.Base", "Common\Playground.Core.Base\Playground.Core.Base.csproj", "{CCCA8ACF-3E81-4058-8D0F-F318D3022864}"
EndProject
Project("{FAE04EC0-301F-11D3-BF4B-00C04F79EFBC}") = "Playground.Infrastructure.Base", "Playground.Infrastructure.Base\Playground.Infrastructure.Base.csproj", "{18187126-9937-4744-B97C-C3604F935812}"
EndProject
Project("{FAE04EC0-301F-11D3-BF4B-00C04F79EFBC}") = "Locations.API", "Services\Locations\Locations.API\Locations.API.csproj", "{A97E28F7-39DA-4A62-B769-F0360B692063}"
EndProject
Project("{FAE04EC0-301F-11D3-BF4B-00C04F79EFBC}") = "Locations.Core", "Services\Locations\Locations.Core\Locations.Core.csproj", "{3A6F48BF-1E34-42D1-9CF5-725B4A49EBAF}"
EndProject
Project("{FAE04EC0-301F-11D3-BF4B-00C04F79EFBC}") = "Locations.Infrastructure", "Services\Locations\Locations.Infrastructure\Locations.Infrastructure.csproj", "{AB0450BC-E264-44CB-AD6F-96DE98780867}"
EndProject
Project("{2150E333-8FDC-42A3-9474-1A3956D46DE8}") = "Locations", "Locations", "{FA90E80E-8B18-4D7B-9CB3-8097A26AFC55}"
	ProjectSection(SolutionItems) = preProject
		Address.sql = Address.sql
	EndProjectSection
EndProject
Project("{2150E333-8FDC-42A3-9474-1A3956D46DE8}") = "People", "People", "{F1ABFD77-5544-4280-B7F0-E97AAF8C59B5}"
	ProjectSection(SolutionItems) = preProject
		People.sql = People.sql
	EndProjectSection
EndProject
Global
	GlobalSection(SolutionConfigurationPlatforms) = preSolution
		Debug|Any CPU = Debug|Any CPU
		Release|Any CPU = Release|Any CPU
	EndGlobalSection
	GlobalSection(ProjectConfigurationPlatforms) = postSolution
		{D5B0531C-99D6-4E7D-8C51-F409551D152A}.Debug|Any CPU.ActiveCfg = Debug|Any CPU
		{D5B0531C-99D6-4E7D-8C51-F409551D152A}.Debug|Any CPU.Build.0 = Debug|Any CPU
		{D5B0531C-99D6-4E7D-8C51-F409551D152A}.Release|Any CPU.ActiveCfg = Release|Any CPU
		{D5B0531C-99D6-4E7D-8C51-F409551D152A}.Release|Any CPU.Build.0 = Release|Any CPU
		{32AFCE9B-E317-48B0-A260-AF8939689CF5}.Debug|Any CPU.ActiveCfg = Debug|Any CPU
		{32AFCE9B-E317-48B0-A260-AF8939689CF5}.Debug|Any CPU.Build.0 = Debug|Any CPU
		{32AFCE9B-E317-48B0-A260-AF8939689CF5}.Release|Any CPU.ActiveCfg = Release|Any CPU
		{32AFCE9B-E317-48B0-A260-AF8939689CF5}.Release|Any CPU.Build.0 = Release|Any CPU
		{D2EA6593-1FB6-4D98-BBC0-7757156BC5AD}.Debug|Any CPU.ActiveCfg = Debug|Any CPU
		{D2EA6593-1FB6-4D98-BBC0-7757156BC5AD}.Debug|Any CPU.Build.0 = Debug|Any CPU
		{D2EA6593-1FB6-4D98-BBC0-7757156BC5AD}.Release|Any CPU.ActiveCfg = Release|Any CPU
		{D2EA6593-1FB6-4D98-BBC0-7757156BC5AD}.Release|Any CPU.Build.0 = Release|Any CPU
		{AE999648-4FF7-4FB8-A1E7-B201779C92A7}.Debug|Any CPU.ActiveCfg = Debug|Any CPU
		{AE999648-4FF7-4FB8-A1E7-B201779C92A7}.Debug|Any CPU.Build.0 = Debug|Any CPU
		{AE999648-4FF7-4FB8-A1E7-B201779C92A7}.Release|Any CPU.ActiveCfg = Release|Any CPU
		{AE999648-4FF7-4FB8-A1E7-B201779C92A7}.Release|Any CPU.Build.0 = Release|Any CPU
		{479A3F1C-2906-4B88-AE9F-60A120E8F940}.Debug|Any CPU.ActiveCfg = Debug|Any CPU
		{479A3F1C-2906-4B88-AE9F-60A120E8F940}.Debug|Any CPU.Build.0 = Debug|Any CPU
		{479A3F1C-2906-4B88-AE9F-60A120E8F940}.Release|Any CPU.ActiveCfg = Release|Any CPU
		{479A3F1C-2906-4B88-AE9F-60A120E8F940}.Release|Any CPU.Build.0 = Release|Any CPU
		{CCCA8ACF-3E81-4058-8D0F-F318D3022864}.Debug|Any CPU.ActiveCfg = Debug|Any CPU
		{CCCA8ACF-3E81-4058-8D0F-F318D3022864}.Debug|Any CPU.Build.0 = Debug|Any CPU
		{CCCA8ACF-3E81-4058-8D0F-F318D3022864}.Release|Any CPU.ActiveCfg = Release|Any CPU
		{CCCA8ACF-3E81-4058-8D0F-F318D3022864}.Release|Any CPU.Build.0 = Release|Any CPU
		{18187126-9937-4744-B97C-C3604F935812}.Debug|Any CPU.ActiveCfg = Debug|Any CPU
		{18187126-9937-4744-B97C-C3604F935812}.Debug|Any CPU.Build.0 = Debug|Any CPU
		{18187126-9937-4744-B97C-C3604F935812}.Release|Any CPU.ActiveCfg = Release|Any CPU
		{18187126-9937-4744-B97C-C3604F935812}.Release|Any CPU.Build.0 = Release|Any CPU
		{A97E28F7-39DA-4A62-B769-F0360B692063}.Debug|Any CPU.ActiveCfg = Debug|Any CPU
		{A97E28F7-39DA-4A62-B769-F0360B692063}.Debug|Any CPU.Build.0 = Debug|Any CPU
		{A97E28F7-39DA-4A62-B769-F0360B692063}.Release|Any CPU.ActiveCfg = Release|Any CPU
		{A97E28F7-39DA-4A62-B769-F0360B692063}.Release|Any CPU.Build.0 = Release|Any CPU
		{3A6F48BF-1E34-42D1-9CF5-725B4A49EBAF}.Debug|Any CPU.ActiveCfg = Debug|Any CPU
		{3A6F48BF-1E34-42D1-9CF5-725B4A49EBAF}.Debug|Any CPU.Build.0 = Debug|Any CPU
		{3A6F48BF-1E34-42D1-9CF5-725B4A49EBAF}.Release|Any CPU.ActiveCfg = Release|Any CPU
		{3A6F48BF-1E34-42D1-9CF5-725B4A49EBAF}.Release|Any CPU.Build.0 = Release|Any CPU
		{AB0450BC-E264-44CB-AD6F-96DE98780867}.Debug|Any CPU.ActiveCfg = Debug|Any CPU
		{AB0450BC-E264-44CB-AD6F-96DE98780867}.Debug|Any CPU.Build.0 = Debug|Any CPU
		{AB0450BC-E264-44CB-AD6F-96DE98780867}.Release|Any CPU.ActiveCfg = Release|Any CPU
		{AB0450BC-E264-44CB-AD6F-96DE98780867}.Release|Any CPU.Build.0 = Release|Any CPU
	EndGlobalSection
	GlobalSection(SolutionProperties) = preSolution
		HideSolutionNode = FALSE
	EndGlobalSection
	GlobalSection(NestedProjects) = preSolution
		{D5B0531C-99D6-4E7D-8C51-F409551D152A} = {27C691C5-C2F3-4777-AA13-A0B036E664DC}
		{32AFCE9B-E317-48B0-A260-AF8939689CF5} = {27C691C5-C2F3-4777-AA13-A0B036E664DC}
		{A3047ED6-4C74-4141-91A2-8CE12DAF1C55} = {69CFF7DA-DCFD-4FDD-AA47-65F8A588EE3D}
		{5995989A-492B-41F6-B054-2603E47C2FCB} = {69CFF7DA-DCFD-4FDD-AA47-65F8A588EE3D}
		{139C0783-3BD8-44EE-BB06-C84E4EF196CE} = {8EF906F1-546C-479F-A932-08EA7B99AC26}
		{9F35EE7B-417C-45CE-B88D-9BAE6F054A28} = {8EF906F1-546C-479F-A932-08EA7B99AC26}
		{D2EA6593-1FB6-4D98-BBC0-7757156BC5AD} = {9F35EE7B-417C-45CE-B88D-9BAE6F054A28}
		{AE999648-4FF7-4FB8-A1E7-B201779C92A7} = {9F35EE7B-417C-45CE-B88D-9BAE6F054A28}
		{479A3F1C-2906-4B88-AE9F-60A120E8F940} = {9F35EE7B-417C-45CE-B88D-9BAE6F054A28}
		{CCCA8ACF-3E81-4058-8D0F-F318D3022864} = {27C691C5-C2F3-4777-AA13-A0B036E664DC}
		{18187126-9937-4744-B97C-C3604F935812} = {27C691C5-C2F3-4777-AA13-A0B036E664DC}
		{A97E28F7-39DA-4A62-B769-F0360B692063} = {139C0783-3BD8-44EE-BB06-C84E4EF196CE}
		{3A6F48BF-1E34-42D1-9CF5-725B4A49EBAF} = {139C0783-3BD8-44EE-BB06-C84E4EF196CE}
		{AB0450BC-E264-44CB-AD6F-96DE98780867} = {139C0783-3BD8-44EE-BB06-C84E4EF196CE}
		{FA90E80E-8B18-4D7B-9CB3-8097A26AFC55} = {5995989A-492B-41F6-B054-2603E47C2FCB}
		{F1ABFD77-5544-4280-B7F0-E97AAF8C59B5} = {5995989A-492B-41F6-B054-2603E47C2FCB}
	EndGlobalSection
	GlobalSection(ExtensibilityGlobals) = postSolution
		SolutionGuid = {272F6777-54A7-4E72-80FD-34D0E6231B52}
	EndGlobalSection
EndGlobal
